<?xml version="1.0" encoding="utf-8"?>
<Project ToolsVersion="4.0" xmlns="http://schemas.microsoft.com/developer/msbuild/2003">
  <ItemGroup>
    <ClCompile Include="LIBRERIAS\DOMINIO\gestorEventos.c" />
    <ClCompile Include="LIBRERIAS\SERVICIO\entidades\logicaJuego.c" />
    <ClCompile Include="mainTpFinal.c" />
    <ClCompile Include="LIBRERIAS\Librerias Externas\scanner.c" />
    <ClCompile Include="LIBRERIAS\DOMINIO\entidades\juegos.c" />
    <ClCompile Include="LIBRERIAS\DOMINIO\entidades\nominaciones.c" />
    <ClCompile Include="LIBRERIAS\SERVICIO\entidades\logicaCategoria.c" />
    <ClCompile Include="LIBRERIAS\SERVICIO\entidades\logicaNominaciones.c" />
    <ClCompile Include="LIBRERIAS\Librerias Externas\pila .c" />
    <ClCompile Include="LIBRERIAS\DOMINIO\cabeceraEntidades\categoria.h" />
    <ClCompile Include="LIBRERIAS\DOMINIO\entidades\categoria.c" />
    <ClCompile Include="LIBRERIAS\DOMINIO\entidades\puntajes.c" />
    <ClCompile Include="LIBRERIAS\INTERFAZ_DE_USUARIO\entidades\interfazEntrada.c" />
    <ClCompile Include="LIBRERIAS\INTERFAZ_DE_USUARIO\entidades\interfazSalida.c" />
    <ClCompile Include="LIBRERIAS\INTERFAZ_DE_USUARIO\entidades\menus.c" />
    <ClCompile Include="LIBRERIAS\multiusos\includesLibrerias.h" />
  </ItemGroup>
  <ItemGroup>
    <ClInclude Include="LIBRERIAS\DOMINIO\gestorEventos.h" />
    <ClInclude Include="LIBRERIAS\SERVICIO\cabeceraEntidades\logicaJuego.h" />
    <ClInclude Include="LIBRERIAS\Librerias Externas\scanner.h" />
    <ClInclude Include="LIBRERIAS\DOMINIO\cabeceraEntidades\juegos.h" />
    <ClInclude Include="LIBRERIAS\DOMINIO\cabeceraEntidades\nominaciones.h" />
    <ClInclude Include="LIBRERIAS\SERVICIO\cabeceraEntidades\logicaCategoria.h" />
    <ClInclude Include="LIBRERIAS\SERVICIO\cabeceraEntidades\logicaNominaciones.h" />
    <ClInclude Include="LIBRERIAS\Librerias Externas\pila .h" />
    <ClInclude Include="LIBRERIAS\DOMINIO\cabeceraEntidades\puntajes.h" />
    <ClInclude Include="LIBRERIAS\INTERFAZ_DE_USUARIO\cabeceraEntidades\interfazEntrada.h" />
    <ClInclude Include="LIBRERIAS\INTERFAZ_DE_USUARIO\cabeceraEntidades\interfazSalida.h" />
    <ClInclude Include="LIBRERIAS\INTERFAZ_DE_USUARIO\cabeceraEntidades\menus.h" />
    <ClInclude Include="LIBRERIAS\ARCHIVOS\archivos.h" />
  </ItemGroup>
</Project>